
Microsoft Visual Studio Solution File, Format Version 12.00
# Visual Studio Version 17
VisualStudioVersion = 17.7.34221.43
MinimumVisualStudioVersion = 10.0.40219.1
Project("{FAE04EC0-301F-11D3-BF4B-00C04F79EFBC}") = "InventoryManagementSystem", "InventoryManagementSysrem\InventoryManagementSystem.csproj", "{113F7F1F-E15A-491D-9471-D49447683E6D}"
EndProject
Global
	GlobalSection(SolutionConfigurationPlatforms) = preSolution
		Debug|Any CPU = Debug|Any CPU
		Release|Any CPU = Release|Any CPU
	EndGlobalSection
	GlobalSection(ProjectConfigurationPlatforms) = postSolution
		{113F7F1F-E15A-491D-9471-D49447683E6D}.Debug|Any CPU.ActiveCfg = Debug|Any CPU
		{113F7F1F-E15A-491D-9471-D49447683E6D}.Debug|Any CPU.Build.0 = Debug|Any CPU
		{113F7F1F-E15A-491D-9471-D49447683E6D}.Release|Any CPU.ActiveCfg = Release|Any CPU
		{113F7F1F-E15A-491D-9471-D49447683E6D}.Release|Any CPU.Build.0 = Release|Any CPU
	EndGlobalSection
	GlobalSection(SolutionProperties) = preSolution
		HideSolutionNode = FALSE
	EndGlobalSection
	GlobalSection(ExtensibilityGlobals) = postSolution
		SolutionGuid = {4037A8C4-25A4-48C9-9E30-B59B0680D2EB}
	EndGlobalSection
EndGlobal
